# THIS IS AN AUTOGENERATED FILE. DO NOT EDIT THIS FILE DIRECTLY.
# yarn lockfile v1


prettier@^3.2.5:
  version "3.3.3"
  resolved "https://registry.npmjs.org/prettier/-/prettier-3.3.3.tgz"
  integrity sha512-i2tDNA0O5IrMO757lfrdQZCc2jPNDVntV0m/+4whiDfWaTKfMNgR7Qz0NAeGz/nRqF4m5/6CLzbP4/liHt12Ew==

turbo-darwin-64@2.2.3:
  version "2.2.3"
  resolved "https://registry.npmjs.org/turbo-darwin-64/-/turbo-darwin-64-2.2.3.tgz"
  integrity sha512-Rcm10CuMKQGcdIBS3R/9PMeuYnv6beYIHqfZFeKWVYEWH69sauj4INs83zKMTUiZJ3/hWGZ4jet9AOwhsssLyg==

turbo-darwin-arm64@2.2.3:
  version "2.2.3"
  resolved "https://registry.npmjs.org/turbo-darwin-arm64/-/turbo-darwin-arm64-2.2.3.tgz"
  integrity sha512-+EIMHkuLFqUdJYsA3roj66t9+9IciCajgj+DVek+QezEdOJKcRxlvDOS2BUaeN8kEzVSsNiAGnoysFWYw4K0HA==

turbo-linux-64@2.2.3:
  version "2.2.3"
  resolved "https://registry.npmjs.org/turbo-linux-64/-/turbo-linux-64-2.2.3.tgz"
  integrity sha512-UBhJCYnqtaeOBQLmLo8BAisWbc9v9daL9G8upLR+XGj6vuN/Nz6qUAhverN4Pyej1g4Nt1BhROnj6GLOPYyqxQ==

turbo-linux-arm64@2.2.3:
  version "2.2.3"
  resolved "https://registry.npmjs.org/turbo-linux-arm64/-/turbo-linux-arm64-2.2.3.tgz"
  integrity sha512-hJYT9dN06XCQ3jBka/EWvvAETnHRs3xuO/rb5bESmDfG+d9yQjeTMlhRXKrr4eyIMt6cLDt1LBfyi+6CQ+VAwQ==

turbo-windows-64@2.2.3:
  version "2.2.3"
  resolved "https://registry.npmjs.org/turbo-windows-64/-/turbo-windows-64-2.2.3.tgz"
  integrity sha512-NPrjacrZypMBF31b4HE4ROg4P3nhMBPHKS5WTpMwf7wydZ8uvdEHpESVNMOtqhlp857zbnKYgP+yJF30H3N2dQ==

turbo-windows-arm64@2.2.3:
  version "2.2.3"
  resolved "https://registry.npmjs.org/turbo-windows-arm64/-/turbo-windows-arm64-2.2.3.tgz"
  integrity sha512-fnNrYBCqn6zgKPKLHu4sOkihBI/+0oYFr075duRxqUZ+1aLWTAGfHZLgjVeLh3zR37CVzuerGIPWAEkNhkWEIw==

turbo@^2.2.3:
  version "2.2.3"
  resolved "https://registry.npmjs.org/turbo/-/turbo-2.2.3.tgz"
  integrity sha512-5lDvSqIxCYJ/BAd6rQGK/AzFRhBkbu4JHVMLmGh/hCb7U3CqSnr5Tjwfy9vc+/5wG2DJ6wttgAaA7MoCgvBKZQ==
  optionalDependencies:
    turbo-darwin-64 "2.2.3"
    turbo-darwin-arm64 "2.2.3"
    turbo-linux-64 "2.2.3"
    turbo-linux-arm64 "2.2.3"
    turbo-windows-64 "2.2.3"
    turbo-windows-arm64 "2.2.3"

typescript@^5.6.3, typescript@5.5.4:
  version "5.5.4"
  resolved "https://registry.npmjs.org/typescript/-/typescript-5.5.4.tgz"
  integrity sha512-Mtq29sKDAEYP7aljRgtPOpTvOfbwRWlS6dPRzwjdE+C0R4brX/GUyhHSecbHMFLNBLcJIPt9nl9yG5TZ1weH+Q==
